// !$*UTF8*$!
{
	archiveVersion = 1;
	classes = {
	};
	objectVersion = 50;
	objects = {

/* Begin PBXBuildFile section */
		7455BA93224137E400B7E256 /* main.cpp in Sources */ = {isa = PBXBuildFile; fileRef = 7455BA92224137E400B7E256 /* main.cpp */; };
		7455BA9B224A83C700B7E256 /* InputHandler.cpp in Sources */ = {isa = PBXBuildFile; fileRef = 7455BA99224A83C700B7E256 /* InputHandler.cpp */; };
		7455BAA7224A93FE00B7E256 /* NaiveBayesTest.cpp in Sources */ = {isa = PBXBuildFile; fileRef = 7455BAA5224A93FE00B7E256 /* NaiveBayesTest.cpp */; };
/* End PBXBuildFile section */

/* Begin PBXCopyFilesBuildPhase section */
		7455BA8D224137E400B7E256 /* CopyFiles */ = {
			isa = PBXCopyFilesBuildPhase;
			buildActionMask = 2147483647;
			dstPath = /usr/share/man/man1/;
			dstSubfolderSpec = 0;
			files = (
			);
			runOnlyForDeploymentPostprocessing = 1;
		};
/* End PBXCopyFilesBuildPhase section */

/* Begin PBXFileReference section */
		7455BA8F224137E400B7E256 /* NaiveBayes */ = {isa = PBXFileReference; explicitFileType = "compiled.mach-o.executable"; includeInIndex = 0; path = NaiveBayes; sourceTree = BUILT_PRODUCTS_DIR; };
		7455BA92224137E400B7E256 /* main.cpp */ = {isa = PBXFileReference; lastKnownFileType = sourcecode.cpp.cpp; path = main.cpp; sourceTree = "<group>"; };
		7455BA99224A83C700B7E256 /* InputHandler.cpp */ = {isa = PBXFileReference; lastKnownFileType = sourcecode.cpp.cpp; path = InputHandler.cpp; sourceTree = "<group>"; };
		7455BA9A224A83C700B7E256 /* InputHandler.hpp */ = {isa = PBXFileReference; lastKnownFileType = sourcecode.cpp.h; path = InputHandler.hpp; sourceTree = "<group>"; };
		7455BA9E224A8EC800B7E256 /* readme.txt */ = {isa = PBXFileReference; lastKnownFileType = text; name = readme.txt; path = ../../../../Downloads/digitdata/readme.txt; sourceTree = "<group>"; };
		7455BA9F224A8EC800B7E256 /* testlabels */ = {isa = PBXFileReference; lastKnownFileType = text; name = testlabels; path = ../../../../Downloads/digitdata/testlabels; sourceTree = "<group>"; };
		7455BAA0224A8EC800B7E256 /* traininglabels */ = {isa = PBXFileReference; lastKnownFileType = text; name = traininglabels; path = ../../../../Downloads/digitdata/traininglabels; sourceTree = "<group>"; };
		7455BAA1224A8EC800B7E256 /* trainingimages */ = {isa = PBXFileReference; lastKnownFileType = text; name = trainingimages; path = ../../../../Downloads/digitdata/trainingimages; sourceTree = "<group>"; };
		7455BAA2224A8EC800B7E256 /* testimages */ = {isa = PBXFileReference; lastKnownFileType = text; name = testimages; path = ../../../../Downloads/digitdata/testimages; sourceTree = "<group>"; };
		7455BAA5224A93FE00B7E256 /* NaiveBayesTest.cpp */ = {isa = PBXFileReference; lastKnownFileType = sourcecode.cpp.cpp; path = NaiveBayesTest.cpp; sourceTree = "<group>"; };
		7455BAA8224A943500B7E256 /* catch.hpp */ = {isa = PBXFileReference; lastKnownFileType = sourcecode.cpp.h; name = catch.hpp; path = "../../../cpptictactoe-mamn2/cpptictactoe/tests/catch.hpp"; sourceTree = "<group>"; };
/* End PBXFileReference section */

/* Begin PBXFrameworksBuildPhase section */
		7455BA8C224137E400B7E256 /* Frameworks */ = {
			isa = PBXFrameworksBuildPhase;
			buildActionMask = 2147483647;
			files = (
			);
			runOnlyForDeploymentPostprocessing = 0;
		};
/* End PBXFrameworksBuildPhase section */

/* Begin PBXGroup section */
		7455BA86224137E400B7E256 = {
			isa = PBXGroup;
			children = (
				7455BA9D224A8EB800B7E256 /* Data */,
				7455BA91224137E400B7E256 /* src */,
				7455BAA4224A93DE00B7E256 /* test */,
				7455BA90224137E400B7E256 /* Products */,
			);
			sourceTree = "<group>";
		};
		7455BA90224137E400B7E256 /* Products */ = {
			isa = PBXGroup;
			children = (
				7455BA8F224137E400B7E256 /* NaiveBayes */,
			);
			name = Products;
			sourceTree = "<group>";
		};
		7455BA91224137E400B7E256 /* src */ = {
			isa = PBXGroup;
			children = (
				7455BAA3224A935800B7E256 /* InputHandler */,
				7455BA92224137E400B7E256 /* main.cpp */,
			);
			path = src;
			sourceTree = "<group>";
		};
		7455BA9D224A8EB800B7E256 /* Data */ = {
			isa = PBXGroup;
			children = (
				7455BA9E224A8EC800B7E256 /* readme.txt */,
				7455BAA2224A8EC800B7E256 /* testimages */,
				7455BA9F224A8EC800B7E256 /* testlabels */,
				7455BAA1224A8EC800B7E256 /* trainingimages */,
				7455BAA0224A8EC800B7E256 /* traininglabels */,
			);
			path = Data;
			sourceTree = "<group>";
		};
		7455BAA3224A935800B7E256 /* InputHandler */ = {
			isa = PBXGroup;
			children = (
				7455BA99224A83C700B7E256 /* InputHandler.cpp */,
				7455BA9A224A83C700B7E256 /* InputHandler.hpp */,
			);
			path = InputHandler;
			sourceTree = "<group>";
		};
		7455BAA4224A93DE00B7E256 /* test */ = {
			isa = PBXGroup;
			children = (
				7455BAA8224A943500B7E256 /* catch.hpp */,
				7455BAA5224A93FE00B7E256 /* NaiveBayesTest.cpp */,
			);
			path = test;
			sourceTree = "<group>";
		};
/* End PBXGroup section */

/* Begin PBXNativeTarget section */
		7455BA8E224137E400B7E256 /* NaiveBayes */ = {
			isa = PBXNativeTarget;
			buildConfigurationList = 7455BA96224137E400B7E256 /* Build configuration list for PBXNativeTarget "NaiveBayes" */;
			buildPhases = (
				7455BA8B224137E400B7E256 /* Sources */,
				7455BA8C224137E400B7E256 /* Frameworks */,
				7455BA8D224137E400B7E256 /* CopyFiles */,
			);
			buildRules = (
			);
			dependencies = (
			);
			name = NaiveBayes;
			productName = NaiveBayes;
			productReference = 7455BA8F224137E400B7E256 /* NaiveBayes */;
			productType = "com.apple.product-type.tool";
		};
/* End PBXNativeTarget section */

/* Begin PBXProject section */
		7455BA87224137E400B7E256 /* Project object */ = {
			isa = PBXProject;
			attributes = {
				LastUpgradeCheck = 1010;
				ORGANIZATIONNAME = "Mohamed Amn";
				TargetAttributes = {
					7455BA8E224137E400B7E256 = {
						CreatedOnToolsVersion = 10.1;
					};
				};
			};
			buildConfigurationList = 7455BA8A224137E400B7E256 /* Build configuration list for PBXProject "NaiveBayes" */;
			compatibilityVersion = "Xcode 9.3";
			developmentRegion = en;
			hasScannedForEncodings = 0;
			knownRegions = (
				en,
			);
			mainGroup = 7455BA86224137E400B7E256;
			productRefGroup = 7455BA90224137E400B7E256 /* Products */;
			projectDirPath = "";
			projectRoot = "";
			targets = (
				7455BA8E224137E400B7E256 /* NaiveBayes */,
			);
		};
/* End PBXProject section */

/* Begin PBXSourcesBuildPhase section */
		7455BA8B224137E400B7E256 /* Sources */ = {
			isa = PBXSourcesBuildPhase;
			buildActionMask = 2147483647;
			files = (
				7455BA93224137E400B7E256 /* main.cpp in Sources */,
				7455BA9B224A83C700B7E256 /* InputHandler.cpp in Sources */,
				7455BAA7224A93FE00B7E256 /* NaiveBayesTest.cpp in Sources */,
			);
			runOnlyForDeploymentPostprocessing = 0;
		};
/* End PBXSourcesBuildPhase section */

/* Begin XCBuildConfiguration section */
		7455BA94224137E400B7E256 /* Debug */ = {
			isa = XCBuildConfiguration;
			buildSettings = {
				ALWAYS_SEARCH_USER_PATHS = NO;
				CLANG_ANALYZER_NONNULL = YES;
				CLANG_ANALYZER_NUMBER_OBJECT_CONVERSION = YES_AGGRESSIVE;
				CLANG_CXX_LANGUAGE_STANDARD = "gnu++14";
				CLANG_CXX_LIBRARY = "libc++";
				CLANG_ENABLE_MODULES = YES;
				CLANG_ENABLE_OBJC_ARC = YES;
				CLANG_ENABLE_OBJC_WEAK = YES;
				CLANG_WARN_BLOCK_CAPTURE_AUTORELEASING = YES;
				CLANG_WARN_BOOL_CONVERSION = YES;
				CLANG_WARN_COMMA = YES;
				CLANG_WARN_CONSTANT_CONVERSION = YES;
				CLANG_WARN_DEPRECATED_OBJC_IMPLEMENTATIONS = YES;
				CLANG_WARN_DIRECT_OBJC_ISA_USAGE = YES_ERROR;
				CLANG_WARN_DOCUMENTATION_COMMENTS = YES;
				CLANG_WARN_EMPTY_BODY = YES;
				CLANG_WARN_ENUM_CONVERSION = YES;
				CLANG_WARN_INFINITE_RECURSION = YES;
				CLANG_WARN_INT_CONVERSION = YES;
				CLANG_WARN_NON_LITERAL_NULL_CONVERSION = YES;
				CLANG_WARN_OBJC_IMPLICIT_RETAIN_SELF = YES;
				CLANG_WARN_OBJC_LITERAL_CONVERSION = YES;
				CLANG_WARN_OBJC_ROOT_CLASS = YES_ERROR;
				CLANG_WARN_RANGE_LOOP_ANALYSIS = YES;
				CLANG_WARN_STRICT_PROTOTYPES = YES;
				CLANG_WARN_SUSPICIOUS_MOVE = YES;
				CLANG_WARN_UNGUARDED_AVAILABILITY = YES_AGGRESSIVE;
				CLANG_WARN_UNREACHABLE_CODE = YES;
				CLANG_WARN__DUPLICATE_METHOD_MATCH = YES;
				CODE_SIGN_IDENTITY = "-";
				COPY_PHASE_STRIP = NO;
				DEBUG_INFORMATION_FORMAT = dwarf;
				ENABLE_STRICT_OBJC_MSGSEND = YES;
				ENABLE_TESTABILITY = YES;
				GCC_C_LANGUAGE_STANDARD = gnu11;
				GCC_DYNAMIC_NO_PIC = NO;
				GCC_NO_COMMON_BLOCKS = YES;
				GCC_OPTIMIZATION_LEVEL = 0;
				GCC_PREPROCESSOR_DEFINITIONS = (
					"DEBUG=1",
					"$(inherited)",
				);
				GCC_WARN_64_TO_32_BIT_CONVERSION = YES;
				GCC_WARN_ABOUT_RETURN_TYPE = YES_ERROR;
				GCC_WARN_UNDECLARED_SELECTOR = YES;
				GCC_WARN_UNINITIALIZED_AUTOS = YES_AGGRESSIVE;
				GCC_WARN_UNUSED_FUNCTION = YES;
				GCC_WARN_UNUSED_VARIABLE = YES;
				MACOSX_DEPLOYMENT_TARGET = 10.14;
				MTL_ENABLE_DEBUG_INFO = INCLUDE_SOURCE;
				MTL_FAST_MATH = YES;
				ONLY_ACTIVE_ARCH = YES;
				SDKROOT = macosx;
			};
			name = Debug;
		};
		7455BA95224137E400B7E256 /* Release */ = {
			isa = XCBuildConfiguration;
			buildSettings = {
				ALWAYS_SEARCH_USER_PATHS = NO;
				CLANG_ANALYZER_NONNULL = YES;
				CLANG_ANALYZER_NUMBER_OBJECT_CONVERSION = YES_AGGRESSIVE;
				CLANG_CXX_LANGUAGE_STANDARD = "gnu++14";
				CLANG_CXX_LIBRARY = "libc++";
				CLANG_ENABLE_MODULES = YES;
				CLANG_ENABLE_OBJC_ARC = YES;
				CLANG_ENABLE_OBJC_WEAK = YES;
				CLANG_WARN_BLOCK_CAPTURE_AUTORELEASING = YES;
				CLANG_WARN_BOOL_CONVERSION = YES;
				CLANG_WARN_COMMA = YES;
				CLANG_WARN_CONSTANT_CONVERSION = YES;
				CLANG_WARN_DEPRECATED_OBJC_IMPLEMENTATIONS = YES;
				CLANG_WARN_DIRECT_OBJC_ISA_USAGE = YES_ERROR;
				CLANG_WARN_DOCUMENTATION_COMMENTS = YES;
				CLANG_WARN_EMPTY_BODY = YES;
				CLANG_WARN_ENUM_CONVERSION = YES;
				CLANG_WARN_INFINITE_RECURSION = YES;
				CLANG_WARN_INT_CONVERSION = YES;
				CLANG_WARN_NON_LITERAL_NULL_CONVERSION = YES;
				CLANG_WARN_OBJC_IMPLICIT_RETAIN_SELF = YES;
				CLANG_WARN_OBJC_LITERAL_CONVERSION = YES;
				CLANG_WARN_OBJC_ROOT_CLASS = YES_ERROR;
				CLANG_WARN_RANGE_LOOP_ANALYSIS = YES;
				CLANG_WARN_STRICT_PROTOTYPES = YES;
				CLANG_WARN_SUSPICIOUS_MOVE = YES;
				CLANG_WARN_UNGUARDED_AVAILABILITY = YES_AGGRESSIVE;
				CLANG_WARN_UNREACHABLE_CODE = YES;
				CLANG_WARN__DUPLICATE_METHOD_MATCH = YES;
				CODE_SIGN_IDENTITY = "-";
				COPY_PHASE_STRIP = NO;
				DEBUG_INFORMATION_FORMAT = "dwarf-with-dsym";
				ENABLE_NS_ASSERTIONS = NO;
				ENABLE_STRICT_OBJC_MSGSEND = YES;
				GCC_C_LANGUAGE_STANDARD = gnu11;
				GCC_NO_COMMON_BLOCKS = YES;
				GCC_WARN_64_TO_32_BIT_CONVERSION = YES;
				GCC_WARN_ABOUT_RETURN_TYPE = YES_ERROR;
				GCC_WARN_UNDECLARED_SELECTOR = YES;
				GCC_WARN_UNINITIALIZED_AUTOS = YES_AGGRESSIVE;
				GCC_WARN_UNUSED_FUNCTION = YES;
				GCC_WARN_UNUSED_VARIABLE = YES;
				MACOSX_DEPLOYMENT_TARGET = 10.14;
				MTL_ENABLE_DEBUG_INFO = NO;
				MTL_FAST_MATH = YES;
				SDKROOT = macosx;
			};
			name = Release;
		};
		7455BA97224137E400B7E256 /* Debug */ = {
			isa = XCBuildConfiguration;
			buildSettings = {
				CODE_SIGN_STYLE = Automatic;
				PRODUCT_NAME = "$(TARGET_NAME)";
			};
			name = Debug;
		};
		7455BA98224137E400B7E256 /* Release */ = {
			isa = XCBuildConfiguration;
			buildSettings = {
				CODE_SIGN_STYLE = Automatic;
				PRODUCT_NAME = "$(TARGET_NAME)";
			};
			name = Release;
		};
/* End XCBuildConfiguration section */

/* Begin XCConfigurationList section */
		7455BA8A224137E400B7E256 /* Build configuration list for PBXProject "NaiveBayes" */ = {
			isa = XCConfigurationList;
			buildConfigurations = (
				7455BA94224137E400B7E256 /* Debug */,
				7455BA95224137E400B7E256 /* Release */,
			);
			defaultConfigurationIsVisible = 0;
			defaultConfigurationName = Release;
		};
		7455BA96224137E400B7E256 /* Build configuration list for PBXNativeTarget "NaiveBayes" */ = {
			isa = XCConfigurationList;
			buildConfigurations = (
				7455BA97224137E400B7E256 /* Debug */,
				7455BA98224137E400B7E256 /* Release */,
			);
			defaultConfigurationIsVisible = 0;
			defaultConfigurationName = Release;
		};
/* End XCConfigurationList section */
	};
	rootObject = 7455BA87224137E400B7E256 /* Project object */;
}
